
Microsoft Visual Studio Solution File, Format Version 12.00
# Visual Studio Version 17
VisualStudioVersion = 17.6.33723.286
MinimumVisualStudioVersion = 10.0.40219.1
Project("{FAE04EC0-301F-11D3-BF4B-00C04F79EFBC}") = "MvcMovie", "MvcMovie.csproj", "{A8844EF0-ED3E-43E7-9716-E9291C89286D}"
EndProject
Global
	GlobalSection(SolutionConfigurationPlatforms) = preSolution
		Debug|Any CPU = Debug|Any CPU
		Release|Any CPU = Release|Any CPU
	EndGlobalSection
	GlobalSection(ProjectConfigurationPlatforms) = postSolution
		{A8844EF0-ED3E-43E7-9716-E9291C89286D}.Debug|Any CPU.ActiveCfg = Debug|Any CPU
		{A8844EF0-ED3E-43E7-9716-E9291C89286D}.Debug|Any CPU.Build.0 = Debug|Any CPU
		{A8844EF0-ED3E-43E7-9716-E9291C89286D}.Release|Any CPU.ActiveCfg = Release|Any CPU
		{A8844EF0-ED3E-43E7-9716-E9291C89286D}.Release|Any CPU.Build.0 = Release|Any CPU
	EndGlobalSection
	GlobalSection(SolutionProperties) = preSolution
		HideSolutionNode = FALSE
	EndGlobalSection
	GlobalSection(ExtensibilityGlobals) = postSolution
		SolutionGuid = {72B3F3D8-6F1E-471D-8D5B-DCD1DDF5323E}
	EndGlobalSection
EndGlobal
